<?xml version="1.0" encoding="utf-8"?>
<Project ToolsVersion="4.0" xmlns="http://schemas.microsoft.com/developer/msbuild/2003">
  <ItemGroup>
    <Filter Include="Client Files">
      <UniqueIdentifier>{6cff42ff-b9be-4992-b6fc-a95d3a1baff7}</UniqueIdentifier>
    </Filter>
    <Filter Include="Main">
      <UniqueIdentifier>{ec304436-88bb-427a-bd60-b19e17af94e4}</UniqueIdentifier>
    </Filter>
    <Filter Include="BZip2">
      <UniqueIdentifier>{95a37200-0246-452d-b921-3c2b6df90538}</UniqueIdentifier>
    </Filter>
    <Filter Include="BZip2Wrapper">
      <UniqueIdentifier>{c2aa93bd-cca6-4f74-b1d7-3208e3713082}</UniqueIdentifier>
    </Filter>
  </ItemGroup>
  <ItemGroup>
    <ClCompile Include="..\..\DependentExtensions\Autopatcher\ApplyPatch.cpp">
      <Filter>Client Files</Filter>
    </ClCompile>
    <ClCompile Include="..\..\DependentExtensions\Autopatcher\AutopatcherClient.cpp">
      <Filter>Client Files</Filter>
    </ClCompile>
    <ClCompile Include="AutopatcherClientTest.cpp">
      <Filter>Main</Filter>
    </ClCompile>
    <ClCompile Include="..\..\DependentExtensions\bzip2-1.0.6\blocksort.c">
      <Filter>BZip2</Filter>
    </ClCompile>
    <ClCompile Include="..\..\DependentExtensions\bzip2-1.0.6\bzlib.c">
      <Filter>BZip2</Filter>
    </ClCompile>
    <ClCompile Include="..\..\DependentExtensions\bzip2-1.0.6\compress.c">
      <Filter>BZip2</Filter>
    </ClCompile>
    <ClCompile Include="..\..\DependentExtensions\bzip2-1.0.6\crctable.c">
      <Filter>BZip2</Filter>
    </ClCompile>
    <ClCompile Include="..\..\DependentExtensions\bzip2-1.0.6\decompress.c">
      <Filter>BZip2</Filter>
    </ClCompile>
    <ClCompile Include="..\..\DependentExtensions\bzip2-1.0.6\huffman.c">
      <Filter>BZip2</Filter>
    </ClCompile>
    <ClCompile Include="..\..\DependentExtensions\bzip2-1.0.6\randtable.c">
      <Filter>BZip2</Filter>
    </ClCompile>
    <ClCompile Include="..\..\DependentExtensions\Autopatcher\MemoryCompressor.cpp">
      <Filter>BZip2Wrapper</Filter>
    </ClCompile>
  </ItemGroup>
  <ItemGroup>
    <ClInclude Include="..\..\DependentExtensions\Autopatcher\ApplyPatch.h">
      <Filter>Client Files</Filter>
    </ClInclude>
    <ClInclude Include="..\..\DependentExtensions\Autopatcher\AutopatcherClient.h">
      <Filter>Client Files</Filter>
    </ClInclude>
    <ClInclude Include="..\..\Source\AutopatcherPatchContext.h">
      <Filter>Client Files</Filter>
    </ClInclude>
    <ClInclude Include="..\..\DependentExtensions\bzip2-1.0.6\bzlib.h">
      <Filter>BZip2</Filter>
    </ClInclude>
    <ClInclude Include="..\..\DependentExtensions\bzip2-1.0.6\bzlib_private.h">
      <Filter>BZip2</Filter>
    </ClInclude>
    <ClInclude Include="..\..\DependentExtensions\Autopatcher\MemoryCompressor.h">
      <Filter>BZip2Wrapper</Filter>
    </ClInclude>
  </ItemGroup>
  <ItemGroup>
    <Text Include="readme.txt" />
  </ItemGroup>
</Project>